
Microsoft Visual Studio Solution File, Format Version 12.00
# Visual Studio Version 17
VisualStudioVersion = 17.3.32901.215
MinimumVisualStudioVersion = 10.0.40219.1
Project("{FAE04EC0-301F-11D3-BF4B-00C04F79EFBC}") = "ZBingWallpaper", "ZBingWallpaper\ZBingWallpaper.csproj", "{2DBA35FF-4ACA-4F00-8F3D-54D4ABF2587E}"
EndProject
Global
	GlobalSection(SolutionConfigurationPlatforms) = preSolution
		Debug|Any CPU = Debug|Any CPU
		Release|Any CPU = Release|Any CPU
	EndGlobalSection
	GlobalSection(ProjectConfigurationPlatforms) = postSolution
		{2DBA35FF-4ACA-4F00-8F3D-54D4ABF2587E}.Debug|Any CPU.ActiveCfg = Debug|Any CPU
		{2DBA35FF-4ACA-4F00-8F3D-54D4ABF2587E}.Debug|Any CPU.Build.0 = Debug|Any CPU
		{2DBA35FF-4ACA-4F00-8F3D-54D4ABF2587E}.Release|Any CPU.ActiveCfg = Release|Any CPU
		{2DBA35FF-4ACA-4F00-8F3D-54D4ABF2587E}.Release|Any CPU.Build.0 = Release|Any CPU
	EndGlobalSection
	GlobalSection(SolutionProperties) = preSolution
		HideSolutionNode = FALSE
	EndGlobalSection
	GlobalSection(ExtensibilityGlobals) = postSolution
		SolutionGuid = {C12FDE92-4352-4A64-89F5-B86251694026}
	EndGlobalSection
EndGlobal
